{
  "name": "diva-framework-kt",
  "version": "0.0.1",
  "lockfileVersion": 3,
  "requires": true,
  "packages": {
    "": {
      "name": "diva-framework-kt",
      "version": "0.0.1",
      "workspaces": [
        "packages/diva-framework-kt-database",
        "packages/diva-framework-kt-database-test",
        "packages/diva-framework-kt-network-client",
        "packages/diva-framework-kt-network-client-test",
        "packages/diva-framework-kt-types",
        "packages/diva-framework-kt-types-test",
        "packages/diva-framework-kt-ui",
        "packages/diva-framework-kt-ui-test",
        "packages/diva-framework-kt-util",
        "packages/diva-framework-kt-util-test",
        "packages_imported/Kotlin-DateTime-library-kotlinx-datetime-wasm-js/0.7.1",
        "packages_imported/ktor-ktor-client-core/3.3.2",
        "packages_imported/skiko-wasm-js/0.9.22-2",
        "packages_imported/skiko-js-wasm-runtime/0.9.22-2",
        "packages_imported/coil-network-cache-control-wasm-js/3.3.0",
        "packages_imported/coil-network-core-wasm-js/3.3.0",
        "packages_imported/coil-core-wasm-js/3.3.0",
        "packages_imported/coil-wasm-js/3.3.0"
      ],
      "devDependencies": {}
    },
    "node_modules/@js-joda/core": {
      "version": "3.2.0",
      "resolved": "https://registry.npmjs.org/@js-joda/core/-/core-3.2.0.tgz",
      "integrity": "sha512-PMqgJ0sw5B7FKb2d5bWYIoxjri+QlW/Pys7+Rw82jSH0QN3rB05jZ/VrrsUdh1w4+i2kw9JOejXGq/KhDOX7Kg=="
    },
    "node_modules/coil-core-wasm-js": {
      "resolved": "packages_imported/coil-core-wasm-js/3.3.0",
      "link": true
    },
    "node_modules/coil-network-cache-control-wasm-js": {
      "resolved": "packages_imported/coil-network-cache-control-wasm-js/3.3.0",
      "link": true
    },
    "node_modules/coil-network-core-wasm-js": {
      "resolved": "packages_imported/coil-network-core-wasm-js/3.3.0",
      "link": true
    },
    "node_modules/coil-wasm-js": {
      "resolved": "packages_imported/coil-wasm-js/3.3.0",
      "link": true
    },
    "node_modules/diva-framework-kt-database": {
      "resolved": "packages/diva-framework-kt-database",
      "link": true
    },
    "node_modules/diva-framework-kt-database-test": {
      "resolved": "packages/diva-framework-kt-database-test",
      "link": true
    },
    "node_modules/diva-framework-kt-network-client": {
      "resolved": "packages/diva-framework-kt-network-client",
      "link": true
    },
    "node_modules/diva-framework-kt-network-client-test": {
      "resolved": "packages/diva-framework-kt-network-client-test",
      "link": true
    },
    "node_modules/diva-framework-kt-types": {
      "resolved": "packages/diva-framework-kt-types",
      "link": true
    },
    "node_modules/diva-framework-kt-types-test": {
      "resolved": "packages/diva-framework-kt-types-test",
      "link": true
    },
    "node_modules/diva-framework-kt-ui": {
      "resolved": "packages/diva-framework-kt-ui",
      "link": true
    },
    "node_modules/diva-framework-kt-ui-test": {
      "resolved": "packages/diva-framework-kt-ui-test",
      "link": true
    },
    "node_modules/diva-framework-kt-util": {
      "resolved": "packages/diva-framework-kt-util",
      "link": true
    },
    "node_modules/diva-framework-kt-util-test": {
      "resolved": "packages/diva-framework-kt-util-test",
      "link": true
    },
    "node_modules/Kotlin-DateTime-library-kotlinx-datetime-wasm-js": {
      "resolved": "packages_imported/Kotlin-DateTime-library-kotlinx-datetime-wasm-js/0.7.1",
      "link": true
    },
    "node_modules/ktor-ktor-client-core": {
      "resolved": "packages_imported/ktor-ktor-client-core/3.3.2",
      "link": true
    },
    "node_modules/skiko-js-wasm-runtime": {
      "resolved": "packages_imported/skiko-js-wasm-runtime/0.9.22-2",
      "link": true
    },
    "node_modules/skiko-wasm-js": {
      "resolved": "packages_imported/skiko-wasm-js/0.9.22-2",
      "link": true
    },
    "node_modules/ws": {
      "version": "8.18.3",
      "resolved": "https://registry.npmjs.org/ws/-/ws-8.18.3.tgz",
      "integrity": "sha512-PEIGCY5tSlUt50cqyMXfCzX+oOPqN0vuGqWzbcJ2xvnkzkq46oOpz7dQaTDBdfICb4N14+GARUDw2XV2N4tvzg==",
      "engines": {
        "node": ">=10.0.0"
      },
      "peerDependencies": {
        "bufferutil": "^4.0.1",
        "utf-8-validate": ">=5.0.2"
      },
      "peerDependenciesMeta": {
        "bufferutil": {
          "optional": true
        },
        "utf-8-validate": {
          "optional": true
        }
      }
    },
    "packages_imported/coil-core-wasm-js/3.3.0": {
      "name": "coil-core-wasm-js",
      "version": "3.3.0",
      "devDependencies": {}
    },
    "packages_imported/coil-network-cache-control-wasm-js/3.3.0": {
      "name": "coil-network-cache-control-wasm-js",
      "version": "3.3.0",
      "devDependencies": {}
    },
    "packages_imported/coil-network-core-wasm-js/3.3.0": {
      "name": "coil-network-core-wasm-js",
      "version": "3.3.0",
      "devDependencies": {}
    },
    "packages_imported/coil-wasm-js/3.3.0": {
      "name": "coil-wasm-js",
      "version": "3.3.0",
      "devDependencies": {}
    },
    "packages_imported/Kotlin-DateTime-library-kotlinx-datetime-wasm-js/0.7.1": {
      "name": "Kotlin-DateTime-library-kotlinx-datetime-wasm-js",
      "version": "0.7.1",
      "dependencies": {
        "@js-joda/core": "3.2.0"
      },
      "devDependencies": {}
    },
    "packages_imported/ktor-ktor-client-core/3.3.2": {
      "name": "ktor-ktor-client-core",
      "version": "3.3.2",
      "dependencies": {
        "ws": "8.18.3"
      },
      "devDependencies": {}
    },
    "packages_imported/skiko-js-wasm-runtime/0.9.22-2": {
      "name": "skiko-js-wasm-runtime",
      "version": "0.9.22-2",
      "devDependencies": {}
    },
    "packages_imported/skiko-wasm-js/0.9.22-2": {
      "name": "skiko-wasm-js",
      "version": "0.9.22-2",
      "devDependencies": {}
    },
    "packages/diva-framework-kt-database": {
      "version": "0.0.0-provider",
      "dependencies": {
        "@js-joda/core": "3.2.0"
      },
      "devDependencies": {}
    },
    "packages/diva-framework-kt-database-test": {
      "version": "0.0.0-provider",
      "dependencies": {
        "@js-joda/core": "3.2.0"
      },
      "devDependencies": {}
    },
    "packages/diva-framework-kt-network-client": {
      "version": "0.0.0-provider",
      "dependencies": {
        "@js-joda/core": "3.2.0",
        "ws": "8.18.3"
      },
      "devDependencies": {}
    },
    "packages/diva-framework-kt-network-client-test": {
      "version": "0.0.0-provider",
      "dependencies": {
        "@js-joda/core": "3.2.0",
        "ws": "8.18.3"
      },
      "devDependencies": {}
    },
    "packages/diva-framework-kt-types": {
      "version": "0.0.0-provider",
      "dependencies": {
        "@js-joda/core": "3.2.0"
      },
      "devDependencies": {}
    },
    "packages/diva-framework-kt-types-test": {
      "version": "0.0.0-provider",
      "dependencies": {
        "@js-joda/core": "3.2.0"
      },
      "devDependencies": {}
    },
    "packages/diva-framework-kt-ui": {
      "version": "0.0.0-provider",
      "dependencies": {
        "@js-joda/core": "3.2.0"
      },
      "devDependencies": {}
    },
    "packages/diva-framework-kt-ui-test": {
      "version": "0.0.0-provider",
      "dependencies": {
        "@js-joda/core": "3.2.0"
      },
      "devDependencies": {}
    },
    "packages/diva-framework-kt-util": {
      "version": "0.0.0-provider",
      "dependencies": {
        "@js-joda/core": "3.2.0"
      },
      "devDependencies": {}
    },
    "packages/diva-framework-kt-util-test": {
      "version": "0.0.0-provider",
      "dependencies": {
        "@js-joda/core": "3.2.0"
      },
      "devDependencies": {}
    }
  }
}
